// !$*UTF8*$!
{
	archiveVersion = 1;
	classes = {
	};
	objectVersion = 50;
	objects = {

/* Begin PBXBuildFile section */
		464F868921203068002F973F /* CoreLocationService.swift in Sources */ = {isa = PBXBuildFile; fileRef = 464F868821203068002F973F /* CoreLocationService.swift */; };
		46BC6EA921202D30008972C9 /* AppDelegate.swift in Sources */ = {isa = PBXBuildFile; fileRef = 46BC6EA821202D30008972C9 /* AppDelegate.swift */; };
		46BC6EAB21202D30008972C9 /* ViewController.swift in Sources */ = {isa = PBXBuildFile; fileRef = 46BC6EAA21202D30008972C9 /* ViewController.swift */; };
		46BC6EAE21202D30008972C9 /* Main.storyboard in Resources */ = {isa = PBXBuildFile; fileRef = 46BC6EAC21202D30008972C9 /* Main.storyboard */; };
		46BC6EB021202D31008972C9 /* Assets.xcassets in Resources */ = {isa = PBXBuildFile; fileRef = 46BC6EAF21202D31008972C9 /* Assets.xcassets */; };
		46BC6EB321202D31008972C9 /* LaunchScreen.storyboard in Resources */ = {isa = PBXBuildFile; fileRef = 46BC6EB121202D31008972C9 /* LaunchScreen.storyboard */; };
/* End PBXBuildFile section */

/* Begin PBXFileReference section */
		464F868821203068002F973F /* CoreLocationService.swift */ = {isa = PBXFileReference; lastKnownFileType = sourcecode.swift; path = CoreLocationService.swift; sourceTree = "<group>"; };
		46BC6EA521202D30008972C9 /* MapView-UpdateCurrentLocation.app */ = {isa = PBXFileReference; explicitFileType = wrapper.application; includeInIndex = 0; path = "MapView-UpdateCurrentLocation.app"; sourceTree = BUILT_PRODUCTS_DIR; };
		46BC6EA821202D30008972C9 /* AppDelegate.swift */ = {isa = PBXFileReference; lastKnownFileType = sourcecode.swift; path = AppDelegate.swift; sourceTree = "<group>"; };
		46BC6EAA21202D30008972C9 /* ViewController.swift */ = {isa = PBXFileReference; lastKnownFileType = sourcecode.swift; path = ViewController.swift; sourceTree = "<group>"; };
		46BC6EAD21202D30008972C9 /* Base */ = {isa = PBXFileReference; lastKnownFileType = file.storyboard; name = Base; path = Base.lproj/Main.storyboard; sourceTree = "<group>"; };
		46BC6EAF21202D31008972C9 /* Assets.xcassets */ = {isa = PBXFileReference; lastKnownFileType = folder.assetcatalog; path = Assets.xcassets; sourceTree = "<group>"; };
		46BC6EB221202D31008972C9 /* Base */ = {isa = PBXFileReference; lastKnownFileType = file.storyboard; name = Base; path = Base.lproj/LaunchScreen.storyboard; sourceTree = "<group>"; };
		46BC6EB421202D31008972C9 /* Info.plist */ = {isa = PBXFileReference; lastKnownFileType = text.plist.xml; path = Info.plist; sourceTree = "<group>"; };
/* End PBXFileReference section */

/* Begin PBXFrameworksBuildPhase section */
		46BC6EA221202D30008972C9 /* Frameworks */ = {
			isa = PBXFrameworksBuildPhase;
			buildActionMask = 2147483647;
			files = (
			);
			runOnlyForDeploymentPostprocessing = 0;
		};
/* End PBXFrameworksBuildPhase section */

/* Begin PBXGroup section */
		46BC6E9C21202D30008972C9 = {
			isa = PBXGroup;
			children = (
				46BC6EA721202D30008972C9 /* MapView-UpdateCurrentLocation */,
				46BC6EA621202D30008972C9 /* Products */,
			);
			sourceTree = "<group>";
		};
		46BC6EA621202D30008972C9 /* Products */ = {
			isa = PBXGroup;
			children = (
				46BC6EA521202D30008972C9 /* MapView-UpdateCurrentLocation.app */,
			);
			name = Products;
			sourceTree = "<group>";
		};
		46BC6EA721202D30008972C9 /* MapView-UpdateCurrentLocation */ = {
			isa = PBXGroup;
			children = (
				46BC6EA821202D30008972C9 /* AppDelegate.swift */,
				46BC6EAA21202D30008972C9 /* ViewController.swift */,
				464F868821203068002F973F /* CoreLocationService.swift */,
				46BC6EAC21202D30008972C9 /* Main.storyboard */,
				46BC6EAF21202D31008972C9 /* Assets.xcassets */,
				46BC6EB121202D31008972C9 /* LaunchScreen.storyboard */,
				46BC6EB421202D31008972C9 /* Info.plist */,
			);
			path = "MapView-UpdateCurrentLocation";
			sourceTree = "<group>";
		};
/* End PBXGroup section */

/* Begin PBXNativeTarget section */
		46BC6EA421202D30008972C9 /* MapView-UpdateCurrentLocation */ = {
			isa = PBXNativeTarget;
			buildConfigurationList = 46BC6EB721202D31008972C9 /* Build configuration list for PBXNativeTarget "MapView-UpdateCurrentLocation" */;
			buildPhases = (
				46BC6EA121202D30008972C9 /* Sources */,
				46BC6EA221202D30008972C9 /* Frameworks */,
				46BC6EA321202D30008972C9 /* Resources */,
			);
			buildRules = (
			);
			dependencies = (
			);
			name = "MapView-UpdateCurrentLocation";
			productName = "MapView-UpdateCurrentLocation";
			productReference = 46BC6EA521202D30008972C9 /* MapView-UpdateCurrentLocation.app */;
			productType = "com.apple.product-type.application";
		};
/* End PBXNativeTarget section */

/* Begin PBXProject section */
		46BC6E9D21202D30008972C9 /* Project object */ = {
			isa = PBXProject;
			attributes = {
				LastSwiftUpdateCheck = 0940;
				LastUpgradeCheck = 0940;
				ORGANIZATIONNAME = Shiju;
				TargetAttributes = {
					46BC6EA421202D30008972C9 = {
						CreatedOnToolsVersion = 9.4.1;
					};
				};
			};
			buildConfigurationList = 46BC6EA021202D30008972C9 /* Build configuration list for PBXProject "MapView-UpdateCurrentLocation" */;
			compatibilityVersion = "Xcode 9.3";
			developmentRegion = en;
			hasScannedForEncodings = 0;
			knownRegions = (
				en,
				Base,
			);
			mainGroup = 46BC6E9C21202D30008972C9;
			productRefGroup = 46BC6EA621202D30008972C9 /* Products */;
			projectDirPath = "";
			projectRoot = "";
			targets = (
				46BC6EA421202D30008972C9 /* MapView-UpdateCurrentLocation */,
			);
		};
/* End PBXProject section */

/* Begin PBXResourcesBuildPhase section */
		46BC6EA321202D30008972C9 /* Resources */ = {
			isa = PBXResourcesBuildPhase;
			buildActionMask = 2147483647;
			files = (
				46BC6EB321202D31008972C9 /* LaunchScreen.storyboard in Resources */,
				46BC6EB021202D31008972C9 /* Assets.xcassets in Resources */,
				46BC6EAE21202D30008972C9 /* Main.storyboard in Resources */,
			);
			runOnlyForDeploymentPostprocessing = 0;
		};
/* End PBXResourcesBuildPhase section */

/* Begin PBXSourcesBuildPhase section */
		46BC6EA121202D30008972C9 /* Sources */ = {
			isa = PBXSourcesBuildPhase;
			buildActionMask = 2147483647;
			files = (
				464F868921203068002F973F /* CoreLocationService.swift in Sources */,
				46BC6EAB21202D30008972C9 /* ViewController.swift in Sources */,
				46BC6EA921202D30008972C9 /* AppDelegate.swift in Sources */,
			);
			runOnlyForDeploymentPostprocessing = 0;
		};
/* End PBXSourcesBuildPhase section */

/* Begin PBXVariantGroup section */
		46BC6EAC21202D30008972C9 /* Main.storyboard */ = {
			isa = PBXVariantGroup;
			children = (
				46BC6EAD21202D30008972C9 /* Base */,
			);
			name = Main.storyboard;
			sourceTree = "<group>";
		};
		46BC6EB121202D31008972C9 /* LaunchScreen.storyboard */ = {
			isa = PBXVariantGroup;
			children = (
				46BC6EB221202D31008972C9 /* Base */,
			);
			name = LaunchScreen.storyboard;
			sourceTree = "<group>";
		};
/* End PBXVariantGroup section */

/* Begin XCBuildConfiguration section */
		46BC6EB521202D31008972C9 /* Debug */ = {
			isa = XCBuildConfiguration;
			buildSettings = {
				ALWAYS_SEARCH_USER_PATHS = NO;
				CLANG_ANALYZER_NONNULL = YES;
				CLANG_ANALYZER_NUMBER_OBJECT_CONVERSION = YES_AGGRESSIVE;
				CLANG_CXX_LANGUAGE_STANDARD = "gnu++14";
				CLANG_CXX_LIBRARY = "libc++";
				CLANG_ENABLE_MODULES = YES;
				CLANG_ENABLE_OBJC_ARC = YES;
				CLANG_ENABLE_OBJC_WEAK = YES;
				CLANG_WARN_BLOCK_CAPTURE_AUTORELEASING = YES;
				CLANG_WARN_BOOL_CONVERSION = YES;
				CLANG_WARN_COMMA = YES;
				CLANG_WARN_CONSTANT_CONVERSION = YES;
				CLANG_WARN_DEPRECATED_OBJC_IMPLEMENTATIONS = YES;
				CLANG_WARN_DIRECT_OBJC_ISA_USAGE = YES_ERROR;
				CLANG_WARN_DOCUMENTATION_COMMENTS = YES;
				CLANG_WARN_EMPTY_BODY = YES;
				CLANG_WARN_ENUM_CONVERSION = YES;
				CLANG_WARN_INFINITE_RECURSION = YES;
				CLANG_WARN_INT_CONVERSION = YES;
				CLANG_WARN_NON_LITERAL_NULL_CONVERSION = YES;
				CLANG_WARN_OBJC_IMPLICIT_RETAIN_SELF = YES;
				CLANG_WARN_OBJC_LITERAL_CONVERSION = YES;
				CLANG_WARN_OBJC_ROOT_CLASS = YES_ERROR;
				CLANG_WARN_RANGE_LOOP_ANALYSIS = YES;
				CLANG_WARN_STRICT_PROTOTYPES = YES;
				CLANG_WARN_SUSPICIOUS_MOVE = YES;
				CLANG_WARN_UNGUARDED_AVAILABILITY = YES_AGGRESSIVE;
				CLANG_WARN_UNREACHABLE_CODE = YES;
				CLANG_WARN__DUPLICATE_METHOD_MATCH = YES;
				CODE_SIGN_IDENTITY = "iPhone Developer";
				COPY_PHASE_STRIP = NO;
				DEBUG_INFORMATION_FORMAT = dwarf;
				ENABLE_STRICT_OBJC_MSGSEND = YES;
				ENABLE_TESTABILITY = YES;
				GCC_C_LANGUAGE_STANDARD = gnu11;
				GCC_DYNAMIC_NO_PIC = NO;
				GCC_NO_COMMON_BLOCKS = YES;
				GCC_OPTIMIZATION_LEVEL = 0;
				GCC_PREPROCESSOR_DEFINITIONS = (
					"DEBUG=1",
					"$(inherited)",
				);
				GCC_WARN_64_TO_32_BIT_CONVERSION = YES;
				GCC_WARN_ABOUT_RETURN_TYPE = YES_ERROR;
				GCC_WARN_UNDECLARED_SELECTOR = YES;
				GCC_WARN_UNINITIALIZED_AUTOS = YES_AGGRESSIVE;
				GCC_WARN_UNUSED_FUNCTION = YES;
				GCC_WARN_UNUSED_VARIABLE = YES;
				IPHONEOS_DEPLOYMENT_TARGET = 11.4;
				MTL_ENABLE_DEBUG_INFO = YES;
				ONLY_ACTIVE_ARCH = YES;
				SDKROOT = iphoneos;
				SWIFT_ACTIVE_COMPILATION_CONDITIONS = DEBUG;
				SWIFT_OPTIMIZATION_LEVEL = "-Onone";
			};
			name = Debug;
		};
		46BC6EB621202D31008972C9 /* Release */ = {
			isa = XCBuildConfiguration;
			buildSettings = {
				ALWAYS_SEARCH_USER_PATHS = NO;
				CLANG_ANALYZER_NONNULL = YES;
				CLANG_ANALYZER_NUMBER_OBJECT_CONVERSION = YES_AGGRESSIVE;
				CLANG_CXX_LANGUAGE_STANDARD = "gnu++14";
				CLANG_CXX_LIBRARY = "libc++";
				CLANG_ENABLE_MODULES = YES;
				CLANG_ENABLE_OBJC_ARC = YES;
				CLANG_ENABLE_OBJC_WEAK = YES;
				CLANG_WARN_BLOCK_CAPTURE_AUTORELEASING = YES;
				CLANG_WARN_BOOL_CONVERSION = YES;
				CLANG_WARN_COMMA = YES;
				CLANG_WARN_CONSTANT_CONVERSION = YES;
				CLANG_WARN_DEPRECATED_OBJC_IMPLEMENTATIONS = YES;
				CLANG_WARN_DIRECT_OBJC_ISA_USAGE = YES_ERROR;
				CLANG_WARN_DOCUMENTATION_COMMENTS = YES;
				CLANG_WARN_EMPTY_BODY = YES;
				CLANG_WARN_ENUM_CONVERSION = YES;
				CLANG_WARN_INFINITE_RECURSION = YES;
				CLANG_WARN_INT_CONVERSION = YES;
				CLANG_WARN_NON_LITERAL_NULL_CONVERSION = YES;
				CLANG_WARN_OBJC_IMPLICIT_RETAIN_SELF = YES;
				CLANG_WARN_OBJC_LITERAL_CONVERSION = YES;
				CLANG_WARN_OBJC_ROOT_CLASS = YES_ERROR;
				CLANG_WARN_RANGE_LOOP_ANALYSIS = YES;
				CLANG_WARN_STRICT_PROTOTYPES = YES;
				CLANG_WARN_SUSPICIOUS_MOVE = YES;
				CLANG_WARN_UNGUARDED_AVAILABILITY = YES_AGGRESSIVE;
				CLANG_WARN_UNREACHABLE_CODE = YES;
				CLANG_WARN__DUPLICATE_METHOD_MATCH = YES;
				CODE_SIGN_IDENTITY = "iPhone Developer";
				COPY_PHASE_STRIP = NO;
				DEBUG_INFORMATION_FORMAT = "dwarf-with-dsym";
				ENABLE_NS_ASSERTIONS = NO;
				ENABLE_STRICT_OBJC_MSGSEND = YES;
				GCC_C_LANGUAGE_STANDARD = gnu11;
				GCC_NO_COMMON_BLOCKS = YES;
				GCC_WARN_64_TO_32_BIT_CONVERSION = YES;
				GCC_WARN_ABOUT_RETURN_TYPE = YES_ERROR;
				GCC_WARN_UNDECLARED_SELECTOR = YES;
				GCC_WARN_UNINITIALIZED_AUTOS = YES_AGGRESSIVE;
				GCC_WARN_UNUSED_FUNCTION = YES;
				GCC_WARN_UNUSED_VARIABLE = YES;
				IPHONEOS_DEPLOYMENT_TARGET = 11.4;
				MTL_ENABLE_DEBUG_INFO = NO;
				SDKROOT = iphoneos;
				SWIFT_COMPILATION_MODE = wholemodule;
				SWIFT_OPTIMIZATION_LEVEL = "-O";
				VALIDATE_PRODUCT = YES;
			};
			name = Release;
		};
		46BC6EB821202D31008972C9 /* Debug */ = {
			isa = XCBuildConfiguration;
			buildSettings = {
				ASSETCATALOG_COMPILER_APPICON_NAME = AppIcon;
				CODE_SIGN_STYLE = Manual;
				DEVELOPMENT_TEAM = 88NHNRLKC2;
				INFOPLIST_FILE = "MapView-UpdateCurrentLocation/Info.plist";
				IPHONEOS_DEPLOYMENT_TARGET = 11.0;
				LD_RUNPATH_SEARCH_PATHS = (
					"$(inherited)",
					"@executable_path/Frameworks",
				);
				PRODUCT_BUNDLE_IDENTIFIER = com.alok.meddey;
				PRODUCT_NAME = "$(TARGET_NAME)";
				PROVISIONING_PROFILE = "58710df5-cd44-45fc-8533-bd762d373119";
				PROVISIONING_PROFILE_SPECIFIER = "Meddey Development";
				SWIFT_VERSION = 4.0;
				TARGETED_DEVICE_FAMILY = "1,2";
			};
			name = Debug;
		};
		46BC6EB921202D31008972C9 /* Release */ = {
			isa = XCBuildConfiguration;
			buildSettings = {
				ASSETCATALOG_COMPILER_APPICON_NAME = AppIcon;
				CODE_SIGN_STYLE = Manual;
				DEVELOPMENT_TEAM = 88NHNRLKC2;
				INFOPLIST_FILE = "MapView-UpdateCurrentLocation/Info.plist";
				IPHONEOS_DEPLOYMENT_TARGET = 11.0;
				LD_RUNPATH_SEARCH_PATHS = (
					"$(inherited)",
					"@executable_path/Frameworks",
				);
				PRODUCT_BUNDLE_IDENTIFIER = com.alok.meddey;
				PRODUCT_NAME = "$(TARGET_NAME)";
				PROVISIONING_PROFILE = "58710df5-cd44-45fc-8533-bd762d373119";
				PROVISIONING_PROFILE_SPECIFIER = "Meddey Development";
				SWIFT_VERSION = 4.0;
				TARGETED_DEVICE_FAMILY = "1,2";
			};
			name = Release;
		};
/* End XCBuildConfiguration section */

/* Begin XCConfigurationList section */
		46BC6EA021202D30008972C9 /* Build configuration list for PBXProject "MapView-UpdateCurrentLocation" */ = {
			isa = XCConfigurationList;
			buildConfigurations = (
				46BC6EB521202D31008972C9 /* Debug */,
				46BC6EB621202D31008972C9 /* Release */,
			);
			defaultConfigurationIsVisible = 0;
			defaultConfigurationName = Release;
		};
		46BC6EB721202D31008972C9 /* Build configuration list for PBXNativeTarget "MapView-UpdateCurrentLocation" */ = {
			isa = XCConfigurationList;
			buildConfigurations = (
				46BC6EB821202D31008972C9 /* Debug */,
				46BC6EB921202D31008972C9 /* Release */,
			);
			defaultConfigurationIsVisible = 0;
			defaultConfigurationName = Release;
		};
/* End XCConfigurationList section */
	};
	rootObject = 46BC6E9D21202D30008972C9 /* Project object */;
}
